
Microsoft Visual Studio Solution File, Format Version 12.00
# Visual Studio Version 16
VisualStudioVersion = 16.0.31624.102
MinimumVisualStudioVersion = 10.0.40219.1
Project("{FAE04EC0-301F-11D3-BF4B-00C04F79EFBC}") = "GitCommitWordCounter", "GitCommitWordCounter\GitCommitWordCounter.csproj", "{D2C4C915-52C8-4302-A509-4E6A52E18883}"
EndProject
Project("{FAE04EC0-301F-11D3-BF4B-00C04F79EFBC}") = "GitCommitWordCounterTest", "GitCommitWordCounterTest\GitCommitWordCounterTest.csproj", "{FFDA6561-0B81-4043-A22A-C05A0BBA415B}"
EndProject
Global
	GlobalSection(SolutionConfigurationPlatforms) = preSolution
		Debug|Any CPU = Debug|Any CPU
		Release|Any CPU = Release|Any CPU
	EndGlobalSection
	GlobalSection(ProjectConfigurationPlatforms) = postSolution
		{D2C4C915-52C8-4302-A509-4E6A52E18883}.Debug|Any CPU.ActiveCfg = Debug|Any CPU
		{D2C4C915-52C8-4302-A509-4E6A52E18883}.Debug|Any CPU.Build.0 = Debug|Any CPU
		{D2C4C915-52C8-4302-A509-4E6A52E18883}.Release|Any CPU.ActiveCfg = Release|Any CPU
		{D2C4C915-52C8-4302-A509-4E6A52E18883}.Release|Any CPU.Build.0 = Release|Any CPU
		{FFDA6561-0B81-4043-A22A-C05A0BBA415B}.Debug|Any CPU.ActiveCfg = Debug|Any CPU
		{FFDA6561-0B81-4043-A22A-C05A0BBA415B}.Debug|Any CPU.Build.0 = Debug|Any CPU
		{FFDA6561-0B81-4043-A22A-C05A0BBA415B}.Release|Any CPU.ActiveCfg = Release|Any CPU
		{FFDA6561-0B81-4043-A22A-C05A0BBA415B}.Release|Any CPU.Build.0 = Release|Any CPU
	EndGlobalSection
	GlobalSection(SolutionProperties) = preSolution
		HideSolutionNode = FALSE
	EndGlobalSection
	GlobalSection(ExtensibilityGlobals) = postSolution
		SolutionGuid = {15145EE7-8CFD-4909-987E-0CC40664013D}
	EndGlobalSection
EndGlobal
